
Microsoft Visual Studio Solution File, Format Version 12.00
# Visual Studio Express 2012 for Windows Desktop
Project("{FAE04EC0-301F-11D3-BF4B-00C04F79EFBC}") = "01_KinectInteractionCS", "01_KinectInteractionCS\01_KinectInteractionCS.csproj", "{C7A2F320-CB6B-4A0B-98EA-A2A93F4EDB5E}"
EndProject
Project("{8BC9CEB8-8B4A-11D0-8D11-00A0C91BC942}") = "01_KinectInteractionCpp", "01_KinectInteractionCpp\01_KinectInteractionCpp.vcxproj", "{478E35C4-B527-4518-8827-57E3FA7F7782}"
EndProject
Project("{FAE04EC0-301F-11D3-BF4B-00C04F79EFBC}") = "02_KinectFusionBasicCS", "02_KinectFutionBasicCS\02_KinectFusionBasicCS.csproj", "{B41AB28E-28C7-4093-B9EB-15AA5FCCA2F9}"
EndProject
Project("{8BC9CEB8-8B4A-11D0-8D11-00A0C91BC942}") = "02_KinectFusionBasicCpp", "02_KinectFusionBasicCpp\02_KinectFusionBasicCpp.vcxproj", "{74AF2F23-9569-42AB-B8D4-419DB69A7BB8}"
EndProject
Project("{FAE04EC0-301F-11D3-BF4B-00C04F79EFBC}") = "03_KinectFusionBasicCS", "03_KinectFusionBasicCS\03_KinectFusionBasicCS.csproj", "{C5CC606C-D67F-474A-AE90-74A5922B470F}"
EndProject
Global
	GlobalSection(SolutionConfigurationPlatforms) = preSolution
		Debug|Any CPU = Debug|Any CPU
		Debug|Mixed Platforms = Debug|Mixed Platforms
		Debug|Win32 = Debug|Win32
		Release|Any CPU = Release|Any CPU
		Release|Mixed Platforms = Release|Mixed Platforms
		Release|Win32 = Release|Win32
	EndGlobalSection
	GlobalSection(ProjectConfigurationPlatforms) = postSolution
		{C7A2F320-CB6B-4A0B-98EA-A2A93F4EDB5E}.Debug|Any CPU.ActiveCfg = Debug|Any CPU
		{C7A2F320-CB6B-4A0B-98EA-A2A93F4EDB5E}.Debug|Any CPU.Build.0 = Debug|Any CPU
		{C7A2F320-CB6B-4A0B-98EA-A2A93F4EDB5E}.Debug|Mixed Platforms.ActiveCfg = Debug|Any CPU
		{C7A2F320-CB6B-4A0B-98EA-A2A93F4EDB5E}.Debug|Mixed Platforms.Build.0 = Debug|Any CPU
		{C7A2F320-CB6B-4A0B-98EA-A2A93F4EDB5E}.Debug|Win32.ActiveCfg = Debug|Any CPU
		{C7A2F320-CB6B-4A0B-98EA-A2A93F4EDB5E}.Release|Any CPU.ActiveCfg = Release|Any CPU
		{C7A2F320-CB6B-4A0B-98EA-A2A93F4EDB5E}.Release|Any CPU.Build.0 = Release|Any CPU
		{C7A2F320-CB6B-4A0B-98EA-A2A93F4EDB5E}.Release|Mixed Platforms.ActiveCfg = Release|Any CPU
		{C7A2F320-CB6B-4A0B-98EA-A2A93F4EDB5E}.Release|Mixed Platforms.Build.0 = Release|Any CPU
		{C7A2F320-CB6B-4A0B-98EA-A2A93F4EDB5E}.Release|Win32.ActiveCfg = Release|Any CPU
		{478E35C4-B527-4518-8827-57E3FA7F7782}.Debug|Any CPU.ActiveCfg = Debug|Win32
		{478E35C4-B527-4518-8827-57E3FA7F7782}.Debug|Mixed Platforms.ActiveCfg = Debug|Win32
		{478E35C4-B527-4518-8827-57E3FA7F7782}.Debug|Mixed Platforms.Build.0 = Debug|Win32
		{478E35C4-B527-4518-8827-57E3FA7F7782}.Debug|Win32.ActiveCfg = Debug|Win32
		{478E35C4-B527-4518-8827-57E3FA7F7782}.Debug|Win32.Build.0 = Debug|Win32
		{478E35C4-B527-4518-8827-57E3FA7F7782}.Release|Any CPU.ActiveCfg = Release|Win32
		{478E35C4-B527-4518-8827-57E3FA7F7782}.Release|Mixed Platforms.ActiveCfg = Release|Win32
		{478E35C4-B527-4518-8827-57E3FA7F7782}.Release|Mixed Platforms.Build.0 = Release|Win32
		{478E35C4-B527-4518-8827-57E3FA7F7782}.Release|Win32.ActiveCfg = Release|Win32
		{478E35C4-B527-4518-8827-57E3FA7F7782}.Release|Win32.Build.0 = Release|Win32
		{B41AB28E-28C7-4093-B9EB-15AA5FCCA2F9}.Debug|Any CPU.ActiveCfg = Debug|Any CPU
		{B41AB28E-28C7-4093-B9EB-15AA5FCCA2F9}.Debug|Any CPU.Build.0 = Debug|Any CPU
		{B41AB28E-28C7-4093-B9EB-15AA5FCCA2F9}.Debug|Mixed Platforms.ActiveCfg = Debug|Any CPU
		{B41AB28E-28C7-4093-B9EB-15AA5FCCA2F9}.Debug|Mixed Platforms.Build.0 = Debug|Any CPU
		{B41AB28E-28C7-4093-B9EB-15AA5FCCA2F9}.Debug|Win32.ActiveCfg = Debug|Any CPU
		{B41AB28E-28C7-4093-B9EB-15AA5FCCA2F9}.Release|Any CPU.ActiveCfg = Release|Any CPU
		{B41AB28E-28C7-4093-B9EB-15AA5FCCA2F9}.Release|Any CPU.Build.0 = Release|Any CPU
		{B41AB28E-28C7-4093-B9EB-15AA5FCCA2F9}.Release|Mixed Platforms.ActiveCfg = Release|Any CPU
		{B41AB28E-28C7-4093-B9EB-15AA5FCCA2F9}.Release|Mixed Platforms.Build.0 = Release|Any CPU
		{B41AB28E-28C7-4093-B9EB-15AA5FCCA2F9}.Release|Win32.ActiveCfg = Release|Any CPU
		{74AF2F23-9569-42AB-B8D4-419DB69A7BB8}.Debug|Any CPU.ActiveCfg = Debug|Win32
		{74AF2F23-9569-42AB-B8D4-419DB69A7BB8}.Debug|Mixed Platforms.ActiveCfg = Debug|Win32
		{74AF2F23-9569-42AB-B8D4-419DB69A7BB8}.Debug|Mixed Platforms.Build.0 = Debug|Win32
		{74AF2F23-9569-42AB-B8D4-419DB69A7BB8}.Debug|Win32.ActiveCfg = Debug|Win32
		{74AF2F23-9569-42AB-B8D4-419DB69A7BB8}.Debug|Win32.Build.0 = Debug|Win32
		{74AF2F23-9569-42AB-B8D4-419DB69A7BB8}.Release|Any CPU.ActiveCfg = Release|Win32
		{74AF2F23-9569-42AB-B8D4-419DB69A7BB8}.Release|Mixed Platforms.ActiveCfg = Release|Win32
		{74AF2F23-9569-42AB-B8D4-419DB69A7BB8}.Release|Mixed Platforms.Build.0 = Release|Win32
		{74AF2F23-9569-42AB-B8D4-419DB69A7BB8}.Release|Win32.ActiveCfg = Release|Win32
		{74AF2F23-9569-42AB-B8D4-419DB69A7BB8}.Release|Win32.Build.0 = Release|Win32
		{C5CC606C-D67F-474A-AE90-74A5922B470F}.Debug|Any CPU.ActiveCfg = Debug|Any CPU
		{C5CC606C-D67F-474A-AE90-74A5922B470F}.Debug|Any CPU.Build.0 = Debug|Any CPU
		{C5CC606C-D67F-474A-AE90-74A5922B470F}.Debug|Mixed Platforms.ActiveCfg = Debug|Any CPU
		{C5CC606C-D67F-474A-AE90-74A5922B470F}.Debug|Mixed Platforms.Build.0 = Debug|Any CPU
		{C5CC606C-D67F-474A-AE90-74A5922B470F}.Debug|Win32.ActiveCfg = Debug|Any CPU
		{C5CC606C-D67F-474A-AE90-74A5922B470F}.Release|Any CPU.ActiveCfg = Release|Any CPU
		{C5CC606C-D67F-474A-AE90-74A5922B470F}.Release|Any CPU.Build.0 = Release|Any CPU
		{C5CC606C-D67F-474A-AE90-74A5922B470F}.Release|Mixed Platforms.ActiveCfg = Release|Any CPU
		{C5CC606C-D67F-474A-AE90-74A5922B470F}.Release|Mixed Platforms.Build.0 = Release|Any CPU
		{C5CC606C-D67F-474A-AE90-74A5922B470F}.Release|Win32.ActiveCfg = Release|Any CPU
	EndGlobalSection
	GlobalSection(SolutionProperties) = preSolution
		HideSolutionNode = FALSE
	EndGlobalSection
EndGlobal
